{
  "name": "essentials-office-design-tools",
  "version": "0.0.0",
  "lockfileVersion": 3,
  "requires": true,
  "packages": {
    "": {
      "name": "essentials-office-design-tools",
      "version": "0.0.0",
      "devDependencies": {
        "@itmitalles-de/simple-business-design-system": "https://github.com/itmitalles-de/simple-business-design-system/releases/download/v0.1.1/itmitalles-de-simple-business-design-system-0.1.1.tgz"
      }
    },
    "node_modules/@itmitalles-de/simple-business-design-system": {
      "version": "0.1.1",
      "resolved": "https://github.com/itmitalles-de/simple-business-design-system/releases/download/v0.1.1/itmitalles-de-simple-business-design-system-0.1.1.tgz",
      "integrity": "sha512-xtGWD1DQyDdBxzZwnLiWinOauoofKkdBA82COZb/rfLpj2UAMVUp0rB9YPok9QmI+YsRLXqIxuKo2wjhyVeMww==",
      "dev": true,
      "license": "UNLICENSED",
      "bin": {
        "simple-business-lint": "bin/simple-business-lint.mjs",
        "simple-business-sync-nextcloud": "bin/simple-business-sync-nextcloud.mjs"
      },
      "engines": {
        "node": ">=20"
      }
    }
  }
}
